<?xml version="1.0" encoding="utf-8"?>
<Project ToolsVersion="4.0" xmlns="http://schemas.microsoft.com/developer/msbuild/2003">
  <ItemGroup>
    <Filter Include="소스 파일">
      <UniqueIdentifier>{4FC737F1-C7A5-4376-A066-2A32D752A2FF}</UniqueIdentifier>
      <Extensions>cpp;c;cc;cxx;c++;cppm;ixx;def;odl;idl;hpj;bat;asm;asmx</Extensions>
    </Filter>
    <Filter Include="헤더 파일">
      <UniqueIdentifier>{93995380-89BD-4b04-88EB-625FBE52EBFB}</UniqueIdentifier>
      <Extensions>h;hh;hpp;hxx;h++;hm;inl;inc;ipp;xsd</Extensions>
    </Filter>
    <Filter Include="리소스 파일">
      <UniqueIdentifier>{67DA6AB6-F800-4c08-8B7A-83BB121AAD01}</UniqueIdentifier>
      <Extensions>rc;ico;cur;bmp;dlg;rc2;rct;bin;rgs;gif;jpg;jpeg;jpe;resx;tiff;tif;png;wav;mfcribbon-ms</Extensions>
    </Filter>
    <Filter Include="소스 파일\_test">
      <UniqueIdentifier>{27af614a-c0dd-4e25-8dfd-9a8ac9d9ed41}</UniqueIdentifier>
    </Filter>
    <Filter Include="소스 파일\_SCPC2024">
      <UniqueIdentifier>{c7cf3c96-7200-4076-b128-d81306c4e511}</UniqueIdentifier>
    </Filter>
    <Filter Include="소스 파일\_PadaengCup">
      <UniqueIdentifier>{558c579a-b699-493a-acf4-d46ad2765947}</UniqueIdentifier>
    </Filter>
    <Filter Include="소스 파일\_Kaist13th">
      <UniqueIdentifier>{92552a20-a238-476b-b89f-9beb3fe61d88}</UniqueIdentifier>
    </Filter>
    <Filter Include="소스 파일\_AtCoder">
      <UniqueIdentifier>{fc5d257c-d368-4c83-81a0-549f102848ca}</UniqueIdentifier>
    </Filter>
    <Filter Include="소스 파일\_2nd_BORAMAECUP">
      <UniqueIdentifier>{6d0d34bc-059e-4b3c-8116-43ae674e14ec}</UniqueIdentifier>
    </Filter>
    <Filter Include="소스 파일\_MatKorCupOpen">
      <UniqueIdentifier>{512719e2-e282-4c4e-b0e9-d201dd6055e2}</UniqueIdentifier>
    </Filter>
    <Filter Include="소스 파일\_SeonrinPC">
      <UniqueIdentifier>{ebee3793-a330-4b5c-9b88-2816ed0091f0}</UniqueIdentifier>
    </Filter>
    <Filter Include="소스 파일\_UtilCup2nd">
      <UniqueIdentifier>{57c06467-d4f7-41c9-83e0-29aa93593207}</UniqueIdentifier>
    </Filter>
    <Filter Include="소스 파일\___now_solving">
      <UniqueIdentifier>{0c942dd6-fd86-48d0-bf42-b87b308e4d0c}</UniqueIdentifier>
    </Filter>
  </ItemGroup>
  <ItemGroup>
    <ClCompile Include="2nd_brmcup_B.cpp">
      <Filter>소스 파일\_2nd_BORAMAECUP</Filter>
    </ClCompile>
    <ClCompile Include="2nd_brmcup_C.cpp">
      <Filter>소스 파일\_2nd_BORAMAECUP</Filter>
    </ClCompile>
    <ClCompile Include="Q_B.cpp">
      <Filter>소스 파일\_Kaist13th</Filter>
    </ClCompile>
    <ClCompile Include="JPRS2023A.cpp">
      <Filter>소스 파일\_AtCoder</Filter>
    </ClCompile>
    <ClCompile Include="JPRS2023B.cpp">
      <Filter>소스 파일\_AtCoder</Filter>
    </ClCompile>
    <ClCompile Include="JPRS2023C.cpp">
      <Filter>소스 파일\_AtCoder</Filter>
    </ClCompile>
    <ClCompile Include="ABC326A.cpp">
      <Filter>소스 파일\_AtCoder</Filter>
    </ClCompile>
    <ClCompile Include="ABC326C.cpp">
      <Filter>소스 파일\_AtCoder</Filter>
    </ClCompile>
    <ClCompile Include="ABC326F.cpp">
      <Filter>소스 파일\_AtCoder</Filter>
    </ClCompile>
    <ClCompile Include="ABC327A.cpp">
      <Filter>소스 파일\_AtCoder</Filter>
    </ClCompile>
    <ClCompile Include="ABC327B.cpp">
      <Filter>소스 파일\_AtCoder</Filter>
    </ClCompile>
    <ClCompile Include="ABC327D.cpp">
      <Filter>소스 파일\_AtCoder</Filter>
    </ClCompile>
    <ClCompile Include="PDCUP_A.cpp">
      <Filter>소스 파일\_PadaengCup</Filter>
    </ClCompile>
    <ClCompile Include="PDCUP_B.cpp">
      <Filter>소스 파일\_PadaengCup</Filter>
    </ClCompile>
    <ClCompile Include="__case_generator__.cpp">
      <Filter>소스 파일\_test</Filter>
    </ClCompile>
    <ClCompile Include="ABC348C.cpp">
      <Filter>소스 파일\_AtCoder</Filter>
    </ClCompile>
    <ClCompile Include="ABC348A.cpp">
      <Filter>소스 파일\_AtCoder</Filter>
    </ClCompile>
    <ClCompile Include="ABC348B.cpp">
      <Filter>소스 파일\_AtCoder</Filter>
    </ClCompile>
    <ClCompile Include="ABC349A.cpp">
      <Filter>소스 파일\_AtCoder</Filter>
    </ClCompile>
    <ClCompile Include="ABC349C.cpp">
      <Filter>소스 파일\_AtCoder</Filter>
    </ClCompile>
    <ClCompile Include="ABC349B.cpp">
      <Filter>소스 파일\_AtCoder</Filter>
    </ClCompile>
    <ClCompile Include="simple_tester.cpp">
      <Filter>소스 파일\_test</Filter>
    </ClCompile>
    <ClCompile Include="ABC350D.cpp">
      <Filter>소스 파일\_AtCoder</Filter>
    </ClCompile>
    <ClCompile Include="ABC350A.cpp">
      <Filter>소스 파일\_AtCoder</Filter>
    </ClCompile>
    <ClCompile Include="ABC350B.cpp">
      <Filter>소스 파일\_AtCoder</Filter>
    </ClCompile>
    <ClCompile Include="ABC350C.cpp">
      <Filter>소스 파일\_AtCoder</Filter>
    </ClCompile>
    <ClCompile Include="ABC351A.cpp">
      <Filter>소스 파일\_AtCoder</Filter>
    </ClCompile>
    <ClCompile Include="ABC351B.cpp">
      <Filter>소스 파일\_AtCoder</Filter>
    </ClCompile>
    <ClCompile Include="ABC351C.cpp">
      <Filter>소스 파일\_AtCoder</Filter>
    </ClCompile>
    <ClCompile Include="ABC351D.cpp">
      <Filter>소스 파일\_AtCoder</Filter>
    </ClCompile>
    <ClCompile Include="ABC351E.cpp">
      <Filter>소스 파일\_AtCoder</Filter>
    </ClCompile>
    <ClCompile Include="ABC354D.cpp">
      <Filter>소스 파일\_AtCoder</Filter>
    </ClCompile>
    <ClCompile Include="ABC354A.cpp">
      <Filter>소스 파일\_AtCoder</Filter>
    </ClCompile>
    <ClCompile Include="ABC354B.cpp">
      <Filter>소스 파일\_AtCoder</Filter>
    </ClCompile>
    <ClCompile Include="ABC354C.cpp">
      <Filter>소스 파일\_AtCoder</Filter>
    </ClCompile>
    <ClCompile Include="SCPC2024D.cpp">
      <Filter>소스 파일\_SCPC2024</Filter>
    </ClCompile>
    <ClCompile Include="SCPC2024B.cpp">
      <Filter>소스 파일\_SCPC2024</Filter>
    </ClCompile>
    <ClCompile Include="MKC5_A.cpp">
      <Filter>소스 파일\_MatKorCupOpen</Filter>
    </ClCompile>
    <ClCompile Include="MKC5_B.cpp">
      <Filter>소스 파일\_MatKorCupOpen</Filter>
    </ClCompile>
    <ClCompile Include="seonrinpc02_E.cpp">
      <Filter>소스 파일\_SeonrinPC</Filter>
    </ClCompile>
    <ClCompile Include="seonrinpc02_A.cpp">
      <Filter>소스 파일\_SeonrinPC</Filter>
    </ClCompile>
    <ClCompile Include="util2nd_AxB.cpp">
      <Filter>소스 파일\_UtilCup2nd</Filter>
    </ClCompile>
    <ClCompile Include="util2nd_Texture.cpp">
      <Filter>소스 파일\_UtilCup2nd</Filter>
    </ClCompile>
    <ClCompile Include="____now_solving.cpp">
      <Filter>소스 파일\___now_solving</Filter>
    </ClCompile>
    <ClCompile Include="__checker.cpp">
      <Filter>소스 파일\___now_solving</Filter>
    </ClCompile>
    <ClCompile Include="____now_impl.cpp">
      <Filter>소스 파일\___now_solving</Filter>
    </ClCompile>
  </ItemGroup>
  <ItemGroup>
    <Text Include="boj6632.txt">
      <Filter>리소스 파일</Filter>
    </Text>
    <Text Include="boj9382.txt">
      <Filter>리소스 파일</Filter>
    </Text>
    <Text Include="relay.in.4a.txt">
      <Filter>리소스 파일</Filter>
    </Text>
    <Text Include="relay.in.4b.txt">
      <Filter>리소스 파일</Filter>
    </Text>
    <Text Include="relay.in.4c.txt">
      <Filter>리소스 파일</Filter>
    </Text>
    <Text Include="relay.in.4d.txt">
      <Filter>리소스 파일</Filter>
    </Text>
    <Text Include="relay.in.4e.txt">
      <Filter>리소스 파일</Filter>
    </Text>
    <Text Include="relay.in.4f.txt">
      <Filter>리소스 파일</Filter>
    </Text>
    <Text Include="relay.in.4g.txt">
      <Filter>리소스 파일</Filter>
    </Text>
    <Text Include="relay.in.4h.txt">
      <Filter>리소스 파일</Filter>
    </Text>
    <Text Include="relay.in.4i.txt">
      <Filter>리소스 파일</Filter>
    </Text>
    <Text Include="relay.in.4j.txt">
      <Filter>리소스 파일</Filter>
    </Text>
  </ItemGroup>
  <ItemGroup>
    <None Include="boj1169.input.txt">
      <Filter>리소스 파일</Filter>
    </None>
    <None Include="relay.in.1a">
      <Filter>리소스 파일</Filter>
    </None>
    <None Include="relay.in.1b">
      <Filter>리소스 파일</Filter>
    </None>
    <None Include="relay.in.1c">
      <Filter>리소스 파일</Filter>
    </None>
    <None Include="relay.in.1d">
      <Filter>리소스 파일</Filter>
    </None>
    <None Include="relay.in.1e">
      <Filter>리소스 파일</Filter>
    </None>
    <None Include="relay.in.1f">
      <Filter>리소스 파일</Filter>
    </None>
    <None Include="relay.in.1g">
      <Filter>리소스 파일</Filter>
    </None>
    <None Include="relay.in.1h">
      <Filter>리소스 파일</Filter>
    </None>
    <None Include="relay.in.1i">
      <Filter>리소스 파일</Filter>
    </None>
    <None Include="relay.in.1j">
      <Filter>리소스 파일</Filter>
    </None>
    <None Include="relay.in.2a">
      <Filter>리소스 파일</Filter>
    </None>
    <None Include="relay.in.2b">
      <Filter>리소스 파일</Filter>
    </None>
    <None Include="relay.in.2c">
      <Filter>리소스 파일</Filter>
    </None>
    <None Include="relay.in.2d">
      <Filter>리소스 파일</Filter>
    </None>
    <None Include="relay.in.2e">
      <Filter>리소스 파일</Filter>
    </None>
    <None Include="relay.in.2f">
      <Filter>리소스 파일</Filter>
    </None>
    <None Include="relay.in.2g">
      <Filter>리소스 파일</Filter>
    </None>
    <None Include="relay.in.2h">
      <Filter>리소스 파일</Filter>
    </None>
    <None Include="relay.in.2i">
      <Filter>리소스 파일</Filter>
    </None>
    <None Include="relay.in.2j">
      <Filter>리소스 파일</Filter>
    </None>
    <None Include="relay.in.3a">
      <Filter>리소스 파일</Filter>
    </None>
    <None Include="relay.in.3b">
      <Filter>리소스 파일</Filter>
    </None>
    <None Include="relay.in.3c">
      <Filter>리소스 파일</Filter>
    </None>
    <None Include="relay.in.3d">
      <Filter>리소스 파일</Filter>
    </None>
    <None Include="relay.in.3e">
      <Filter>리소스 파일</Filter>
    </None>
    <None Include="relay.in.3f">
      <Filter>리소스 파일</Filter>
    </None>
    <None Include="relay.in.3g">
      <Filter>리소스 파일</Filter>
    </None>
    <None Include="relay.in.3h">
      <Filter>리소스 파일</Filter>
    </None>
    <None Include="relay.in.3i">
      <Filter>리소스 파일</Filter>
    </None>
    <None Include="relay.in.3j">
      <Filter>리소스 파일</Filter>
    </None>
    <None Include="1-2circles.in">
      <Filter>리소스 파일</Filter>
    </None>
    <None Include="2-2circles.in">
      <Filter>리소스 파일</Filter>
    </None>
    <None Include="3-2circles.in">
      <Filter>리소스 파일</Filter>
    </None>
    <None Include="4-2circles.in">
      <Filter>리소스 파일</Filter>
    </None>
    <None Include="5-2circles.in">
      <Filter>리소스 파일</Filter>
    </None>
    <None Include="6-2circles.in">
      <Filter>리소스 파일</Filter>
    </None>
    <None Include="7-2circles.in">
      <Filter>리소스 파일</Filter>
    </None>
    <None Include="8-2circles.in">
      <Filter>리소스 파일</Filter>
    </None>
    <None Include="9-2circles.in">
      <Filter>리소스 파일</Filter>
    </None>
    <None Include="10-2circles.in">
      <Filter>리소스 파일</Filter>
    </None>
    <None Include="bigbrother\15-star_250000.in">
      <Filter>리소스 파일</Filter>
    </None>
    <None Include="bigbrother\34-random-nonempty.in">
      <Filter>리소스 파일</Filter>
    </None>
  </ItemGroup>
  <ItemGroup>
    <ClInclude Include="testlib.h">
      <Filter>헤더 파일</Filter>
    </ClInclude>
  </ItemGroup>
</Project>