<?xml version="1.0" encoding="utf-8"?>
<Project ToolsVersion="4.0" xmlns="http://schemas.microsoft.com/developer/msbuild/2003">
  <ItemGroup>
    <Filter Include="소스 파일">
      <UniqueIdentifier>{4FC737F1-C7A5-4376-A066-2A32D752A2FF}</UniqueIdentifier>
      <Extensions>cpp;c;cc;cxx;c++;cppm;ixx;def;odl;idl;hpj;bat;asm;asmx</Extensions>
    </Filter>
    <Filter Include="헤더 파일">
      <UniqueIdentifier>{93995380-89BD-4b04-88EB-625FBE52EBFB}</UniqueIdentifier>
      <Extensions>h;hh;hpp;hxx;h++;hm;inl;inc;ipp;xsd</Extensions>
    </Filter>
    <Filter Include="리소스 파일">
      <UniqueIdentifier>{67DA6AB6-F800-4c08-8B7A-83BB121AAD01}</UniqueIdentifier>
      <Extensions>rc;ico;cur;bmp;dlg;rc2;rct;bin;rgs;gif;jpg;jpeg;jpe;resx;tiff;tif;png;wav;mfcribbon-ms</Extensions>
    </Filter>
    <Filter Include="소스 파일\geometry">
      <UniqueIdentifier>{a1eb5226-1f49-480a-a859-4d43e4bbcc51}</UniqueIdentifier>
    </Filter>
    <Filter Include="소스 파일\sliding_window">
      <UniqueIdentifier>{44fdbe4d-eb6d-40e5-920f-afa4d4710bc0}</UniqueIdentifier>
    </Filter>
    <Filter Include="소스 파일\implementation">
      <UniqueIdentifier>{c10de3bb-e51c-4d9f-9fe6-7cd5cff12cae}</UniqueIdentifier>
    </Filter>
    <Filter Include="소스 파일\segment_tree">
      <UniqueIdentifier>{914cfd7a-ef4e-44f6-92b1-d372ecf5b46d}</UniqueIdentifier>
    </Filter>
    <Filter Include="소스 파일\_test">
      <UniqueIdentifier>{27af614a-c0dd-4e25-8dfd-9a8ac9d9ed41}</UniqueIdentifier>
    </Filter>
    <Filter Include="소스 파일\prefix_sum">
      <UniqueIdentifier>{52ab682a-18c8-4bce-8923-7c9ff5039d39}</UniqueIdentifier>
    </Filter>
    <Filter Include="소스 파일\matrix">
      <UniqueIdentifier>{03c20d5d-b636-4f88-9a76-add36feb3647}</UniqueIdentifier>
    </Filter>
    <Filter Include="소스 파일\divide_conquer">
      <UniqueIdentifier>{bd0faa58-8c64-40df-8e62-2dab4d28b829}</UniqueIdentifier>
    </Filter>
    <Filter Include="소스 파일\Kaist 13th">
      <UniqueIdentifier>{92552a20-a238-476b-b89f-9beb3fe61d88}</UniqueIdentifier>
    </Filter>
    <Filter Include="소스 파일\bitmasking">
      <UniqueIdentifier>{30095e83-a6ef-4878-84f5-b8a41970d657}</UniqueIdentifier>
    </Filter>
    <Filter Include="소스 파일\AtCoder">
      <UniqueIdentifier>{fc5d257c-d368-4c83-81a0-549f102848ca}</UniqueIdentifier>
    </Filter>
    <Filter Include="소스 파일\DP">
      <UniqueIdentifier>{d9df2e60-8118-4511-a354-83eb066f7620}</UniqueIdentifier>
    </Filter>
    <Filter Include="소스 파일\2nd_BORAMAECUP">
      <UniqueIdentifier>{6d0d34bc-059e-4b3c-8116-43ae674e14ec}</UniqueIdentifier>
    </Filter>
    <Filter Include="소스 파일\PadaengCup">
      <UniqueIdentifier>{558c579a-b699-493a-acf4-d46ad2765947}</UniqueIdentifier>
    </Filter>
    <Filter Include="소스 파일\graph_search">
      <UniqueIdentifier>{fae80ec2-1f94-4776-906b-a57dd6127712}</UniqueIdentifier>
    </Filter>
  </ItemGroup>
  <ItemGroup>
    <ClCompile Include="boj28401_cnvxhull.cpp">
      <Filter>소스 파일\geometry</Filter>
    </ClCompile>
    <ClCompile Include="boj2096.cpp">
      <Filter>소스 파일\sliding_window</Filter>
    </ClCompile>
    <ClCompile Include="boj26574.cpp">
      <Filter>소스 파일\implementation</Filter>
    </ClCompile>
    <ClCompile Include="boj13310_CH_RC_TS.cpp">
      <Filter>소스 파일\geometry</Filter>
    </ClCompile>
    <ClCompile Include="boj1260_DFS_BFS.cpp">
      <Filter>소스 파일\graph_search</Filter>
    </ClCompile>
    <ClCompile Include="boj1275_segtree.cpp">
      <Filter>소스 파일\segment_tree</Filter>
    </ClCompile>
    <ClCompile Include="boj1275_fenwick.cpp">
      <Filter>소스 파일\segment_tree</Filter>
    </ClCompile>
    <ClCompile Include="boj1321_segtree.cpp">
      <Filter>소스 파일\segment_tree</Filter>
    </ClCompile>
    <ClCompile Include="boj1321_fenwick.cpp">
      <Filter>소스 파일\segment_tree</Filter>
    </ClCompile>
    <ClCompile Include="boj2042.cpp">
      <Filter>소스 파일\segment_tree</Filter>
    </ClCompile>
    <ClCompile Include="boj2243.cpp">
      <Filter>소스 파일\segment_tree</Filter>
    </ClCompile>
    <ClCompile Include="boj1615_linecross.cpp">
      <Filter>소스 파일\segment_tree</Filter>
    </ClCompile>
    <ClCompile Include="boj27957_hulldisks.cpp">
      <Filter>소스 파일\geometry</Filter>
    </ClCompile>
    <ClCompile Include="boj27219.cpp">
      <Filter>소스 파일\implementation</Filter>
    </ClCompile>
    <ClCompile Include="boj27294.cpp">
      <Filter>소스 파일\implementation</Filter>
    </ClCompile>
    <ClCompile Include="boj27324.cpp">
      <Filter>소스 파일\implementation</Filter>
    </ClCompile>
    <ClCompile Include="boj1167_treesize_DFS.cpp">
      <Filter>소스 파일\graph_search</Filter>
    </ClCompile>
    <ClCompile Include="boj1967_treesize_DFS.cpp">
      <Filter>소스 파일\graph_search</Filter>
    </ClCompile>
    <ClCompile Include="boj2638_BFS_cheese.cpp">
      <Filter>소스 파일\graph_search</Filter>
    </ClCompile>
    <ClCompile Include="boj10250.cpp">
      <Filter>소스 파일\implementation</Filter>
    </ClCompile>
    <ClCompile Include="boj25682_Go.cpp">
      <Filter>소스 파일\prefix_sum</Filter>
    </ClCompile>
    <ClCompile Include="boj1780_paper.cpp">
      <Filter>소스 파일\divide_conquer</Filter>
    </ClCompile>
    <ClCompile Include="boj2740_M.cpp">
      <Filter>소스 파일\matrix</Filter>
    </ClCompile>
    <ClCompile Include="boj10830_MPOW.cpp">
      <Filter>소스 파일\matrix</Filter>
    </ClCompile>
    <ClCompile Include="boj25308_ox_graph.cpp">
      <Filter>소스 파일\geometry</Filter>
    </ClCompile>
    <ClCompile Include="boj15829.cpp">
      <Filter>소스 파일\implementation</Filter>
    </ClCompile>
    <ClCompile Include="boj11444_MPOW_fibo.cpp">
      <Filter>소스 파일\matrix</Filter>
    </ClCompile>
    <ClCompile Include="test.cpp">
      <Filter>소스 파일\_test</Filter>
    </ClCompile>
    <ClCompile Include="boj1046_sweeping.cpp">
      <Filter>소스 파일\geometry</Filter>
    </ClCompile>
    <ClCompile Include="2nd_brmcup_B.cpp">
      <Filter>소스 파일\2nd_BORAMAECUP</Filter>
    </ClCompile>
    <ClCompile Include="2nd_brmcup_C.cpp">
      <Filter>소스 파일\2nd_BORAMAECUP</Filter>
    </ClCompile>
    <ClCompile Include="boj3121_Buildozer.cpp">
      <Filter>소스 파일\segment_tree</Filter>
    </ClCompile>
    <ClCompile Include="boj9382_circle_greedy.cpp">
      <Filter>소스 파일\geometry</Filter>
    </ClCompile>
    <ClCompile Include="boj3271_MST_prim.cpp">
      <Filter>소스 파일\graph_search</Filter>
    </ClCompile>
    <ClCompile Include="boj19970_ky6.cpp">
      <Filter>소스 파일\geometry</Filter>
    </ClCompile>
    <ClCompile Include="boj4618_eccentricity.cpp">
      <Filter>소스 파일\graph_search</Filter>
    </ClCompile>
    <ClCompile Include="boj16783_bulldozer.cpp">
      <Filter>소스 파일\segment_tree</Filter>
    </ClCompile>
    <ClCompile Include="bojBRONZE.cpp">
      <Filter>소스 파일\implementation</Filter>
    </ClCompile>
    <ClCompile Include="boj24162_Route_dijkstra.cpp">
      <Filter>소스 파일\graph_search</Filter>
    </ClCompile>
    <ClCompile Include="boj10845.cpp">
      <Filter>소스 파일\implementation</Filter>
    </ClCompile>
    <ClCompile Include="boj7568.cpp">
      <Filter>소스 파일\implementation</Filter>
    </ClCompile>
    <ClCompile Include="boj1920.cpp">
      <Filter>소스 파일\implementation</Filter>
    </ClCompile>
    <ClCompile Include="boj1169.cpp">
      <Filter>소스 파일\geometry</Filter>
    </ClCompile>
    <ClCompile Include="boj1169_1.cpp">
      <Filter>소스 파일\geometry</Filter>
    </ClCompile>
    <ClCompile Include="Q_B.cpp">
      <Filter>소스 파일\Kaist 13th</Filter>
    </ClCompile>
    <ClCompile Include="boj1074.cpp">
      <Filter>소스 파일\bitmasking</Filter>
    </ClCompile>
    <ClCompile Include="JPRS2023A.cpp">
      <Filter>소스 파일\AtCoder</Filter>
    </ClCompile>
    <ClCompile Include="JPRS2023B.cpp">
      <Filter>소스 파일\AtCoder</Filter>
    </ClCompile>
    <ClCompile Include="JPRS2023C.cpp">
      <Filter>소스 파일\AtCoder</Filter>
    </ClCompile>
    <ClCompile Include="boj1446_dijkkstra.cpp">
      <Filter>소스 파일\graph_search</Filter>
    </ClCompile>
    <ClCompile Include="boj1446_DP.cpp">
      <Filter>소스 파일\DP</Filter>
    </ClCompile>
    <ClCompile Include="boj1107.cpp">
      <Filter>소스 파일\implementation</Filter>
    </ClCompile>
    <ClCompile Include="boj3123.cpp">
      <Filter>소스 파일\geometry</Filter>
    </ClCompile>
    <ClCompile Include="boj1697_hideNseek.cpp">
      <Filter>소스 파일\graph_search</Filter>
    </ClCompile>
    <ClCompile Include="boj12851_hideNseek2.cpp">
      <Filter>소스 파일\graph_search</Filter>
    </ClCompile>
    <ClCompile Include="boj13549_hideNseek3_01BFS.cpp">
      <Filter>소스 파일\graph_search</Filter>
    </ClCompile>
    <ClCompile Include="boj13549_hideNseek3_DP.cpp">
      <Filter>소스 파일\DP</Filter>
    </ClCompile>
    <ClCompile Include="boj13913_hideNseek4.cpp">
      <Filter>소스 파일\graph_search</Filter>
    </ClCompile>
    <ClCompile Include="boj17071_hideNseek5.cpp">
      <Filter>소스 파일\graph_search</Filter>
    </ClCompile>
    <ClCompile Include="boj1061_triangle.cpp">
      <Filter>소스 파일\geometry</Filter>
    </ClCompile>
    <ClCompile Include="boj10167_goldmine.cpp">
      <Filter>소스 파일\segment_tree</Filter>
    </ClCompile>
    <ClCompile Include="boj9240_Robert_Hood.cpp">
      <Filter>소스 파일\geometry</Filter>
    </ClCompile>
    <ClCompile Include="boj10254_highway.cpp">
      <Filter>소스 파일\geometry</Filter>
    </ClCompile>
    <ClCompile Include="boj7420.cpp">
      <Filter>소스 파일\geometry</Filter>
    </ClCompile>
    <ClCompile Include="boj12801.cpp">
      <Filter>소스 파일\geometry</Filter>
    </ClCompile>
    <ClCompile Include="boj3323_tri_MergeSortTree_CH_TS.cpp">
      <Filter>소스 파일\segment_tree</Filter>
    </ClCompile>
    <ClCompile Include="boj3323_NonRecursiveMergeSortTree_CH_TS.cpp">
      <Filter>소스 파일\segment_tree</Filter>
    </ClCompile>
    <ClCompile Include="boj5255_2C.cpp">
      <Filter>소스 파일\geometry</Filter>
    </ClCompile>
    <ClCompile Include="boj5631_bi_search.cpp">
      <Filter>소스 파일\geometry</Filter>
    </ClCompile>
    <ClCompile Include="boj20670_CH_bi_search.cpp">
      <Filter>소스 파일\geometry</Filter>
    </ClCompile>
    <ClCompile Include="boj2254_convexhull.cpp">
      <Filter>소스 파일\geometry</Filter>
    </ClCompile>
    <ClCompile Include="boj3903_inner_cirle.cpp">
      <Filter>소스 파일\geometry</Filter>
    </ClCompile>
    <ClCompile Include="boj17386.cpp">
      <Filter>소스 파일\geometry</Filter>
    </ClCompile>
    <ClCompile Include="boj20149_intersection3.cpp">
      <Filter>소스 파일\geometry</Filter>
    </ClCompile>
    <ClCompile Include="boj3620_Feng.cpp">
      <Filter>소스 파일\geometry</Filter>
    </ClCompile>
    <ClCompile Include="boj11909_escape.cpp">
      <Filter>소스 파일\DP</Filter>
    </ClCompile>
    <ClCompile Include="boj1535_knapsack.cpp">
      <Filter>소스 파일\DP</Filter>
    </ClCompile>
    <ClCompile Include="boj12865_knapsack.cpp">
      <Filter>소스 파일\DP</Filter>
    </ClCompile>
    <ClCompile Include="boj3800_Art_Gallery.cpp">
      <Filter>소스 파일\geometry</Filter>
    </ClCompile>
    <ClCompile Include="boj21048_big_brother.cpp">
      <Filter>소스 파일\geometry</Filter>
    </ClCompile>
    <ClCompile Include="boj7949_CH_re.cpp">
      <Filter>소스 파일\geometry</Filter>
    </ClCompile>
    <ClCompile Include="boj13329_sweeping.cpp">
      <Filter>소스 파일\geometry</Filter>
    </ClCompile>
    <ClCompile Include="boj1005_t_sort.cpp">
      <Filter>소스 파일\graph_search</Filter>
    </ClCompile>
    <ClCompile Include="boj5594.cpp">
      <Filter>소스 파일\graph_search</Filter>
    </ClCompile>
    <ClCompile Include="sw1288_insomnia.cpp">
      <Filter>소스 파일\bitmasking</Filter>
    </ClCompile>
    <ClCompile Include="sw10726.cpp">
      <Filter>소스 파일\bitmasking</Filter>
    </ClCompile>
    <ClCompile Include="boj22962_Picks_theorem.cpp">
      <Filter>소스 파일\geometry</Filter>
    </ClCompile>
    <ClCompile Include="boj11962.cpp">
      <Filter>소스 파일\segment_tree</Filter>
    </ClCompile>
    <ClCompile Include="ABC326A.cpp">
      <Filter>소스 파일\AtCoder</Filter>
    </ClCompile>
    <ClCompile Include="ABC326C.cpp">
      <Filter>소스 파일\AtCoder</Filter>
    </ClCompile>
    <ClCompile Include="ABC326F.cpp">
      <Filter>소스 파일\AtCoder</Filter>
    </ClCompile>
    <ClCompile Include="boj28098.cpp">
      <Filter>소스 파일\geometry</Filter>
    </ClCompile>
    <ClCompile Include="boj3878.cpp">
      <Filter>소스 파일\geometry</Filter>
    </ClCompile>
    <ClCompile Include="boj1068_tree.cpp">
      <Filter>소스 파일\graph_search</Filter>
    </ClCompile>
    <ClCompile Include="boj4743.cpp">
      <Filter>소스 파일\geometry</Filter>
    </ClCompile>
    <ClCompile Include="boj10951.cpp">
      <Filter>소스 파일\implementation</Filter>
    </ClCompile>
    <ClCompile Include="boj13329_splay_tree.cpp">
      <Filter>소스 파일\geometry</Filter>
    </ClCompile>
    <ClCompile Include="boj11758.cpp">
      <Filter>소스 파일\geometry</Filter>
    </ClCompile>
    <ClCompile Include="boj3906_hp.cpp">
      <Filter>소스 파일\geometry</Filter>
    </ClCompile>
    <ClCompile Include="boj3679.cpp">
      <Filter>소스 파일\geometry</Filter>
    </ClCompile>
    <ClCompile Include="boj7057_lineCHcross.cpp">
      <Filter>소스 파일\geometry</Filter>
    </ClCompile>
    <ClCompile Include="boj1162_dijkstra.cpp">
      <Filter>소스 파일\graph_search</Filter>
    </ClCompile>
    <ClCompile Include="boj7057_lineCHcross_sep.cpp">
      <Filter>소스 파일\geometry</Filter>
    </ClCompile>
    <ClCompile Include="boj2191.cpp">
      <Filter>소스 파일\graph_search</Filter>
    </ClCompile>
    <ClCompile Include="boj1151_CH.cpp">
      <Filter>소스 파일\geometry</Filter>
    </ClCompile>
    <ClCompile Include="ABC327A.cpp">
      <Filter>소스 파일\AtCoder</Filter>
    </ClCompile>
    <ClCompile Include="ABC327B.cpp">
      <Filter>소스 파일\AtCoder</Filter>
    </ClCompile>
    <ClCompile Include="ABC327D.cpp">
      <Filter>소스 파일\AtCoder</Filter>
    </ClCompile>
    <ClCompile Include="boj2268.cpp">
      <Filter>소스 파일\segment_tree</Filter>
    </ClCompile>
    <ClCompile Include="KUPC10F.cpp">
      <Filter>소스 파일\geometry</Filter>
    </ClCompile>
    <ClCompile Include="boj22942_stack.cpp">
      <Filter>소스 파일\geometry</Filter>
    </ClCompile>
    <ClCompile Include="boj22626_point_brute.cpp">
      <Filter>소스 파일\geometry</Filter>
    </ClCompile>
    <ClCompile Include="boj5383_HPI_CHIN.cpp">
      <Filter>소스 파일\geometry</Filter>
    </ClCompile>
    <ClCompile Include="boj14164_tri_area.cpp">
      <Filter>소스 파일\geometry</Filter>
    </ClCompile>
    <ClCompile Include="boj15170_brute.cpp">
      <Filter>소스 파일\geometry</Filter>
    </ClCompile>
    <ClCompile Include="boj16414_mobilization.cpp">
      <Filter>소스 파일\geometry</Filter>
    </ClCompile>
    <ClCompile Include="boj1707.cpp">
      <Filter>소스 파일\graph_search</Filter>
    </ClCompile>
    <ClCompile Include="boj4376.cpp">
      <Filter>소스 파일\graph_search</Filter>
    </ClCompile>
    <ClCompile Include="boj25783.cpp">
      <Filter>소스 파일\graph_search</Filter>
    </ClCompile>
    <ClCompile Include="boj1288_voronoi_ON_2.cpp">
      <Filter>소스 파일\geometry</Filter>
    </ClCompile>
    <ClCompile Include="boj4380_HPI.cpp">
      <Filter>소스 파일\geometry</Filter>
    </ClCompile>
    <ClCompile Include="boj30149_HPI.cpp">
      <Filter>소스 파일\geometry</Filter>
    </ClCompile>
    <ClCompile Include="boj2162_UF.cpp">
      <Filter>소스 파일\graph_search</Filter>
    </ClCompile>
    <ClCompile Include="boj1778_UF.cpp">
      <Filter>소스 파일\graph_search</Filter>
    </ClCompile>
    <ClCompile Include="boj1647_prim.cpp">
      <Filter>소스 파일\graph_search</Filter>
    </ClCompile>
    <ClCompile Include="boj1197_MST.cpp">
      <Filter>소스 파일\graph_search</Filter>
    </ClCompile>
    <ClCompile Include="boj1045.cpp">
      <Filter>소스 파일\implementation</Filter>
    </ClCompile>
    <ClCompile Include="boj2805.cpp">
      <Filter>소스 파일\implementation</Filter>
    </ClCompile>
    <ClCompile Include="boj9489.cpp">
      <Filter>소스 파일\implementation</Filter>
    </ClCompile>
    <ClCompile Include="boj20150_intersection4.cpp">
      <Filter>소스 파일\geometry</Filter>
    </ClCompile>
    <ClCompile Include="boj26470_voronoi_ON2.cpp">
      <Filter>소스 파일\geometry</Filter>
    </ClCompile>
    <ClCompile Include="boj22619_HPI_voronoi.cpp">
      <Filter>소스 파일\geometry</Filter>
    </ClCompile>
    <ClCompile Include="boj24511.cpp">
      <Filter>소스 파일\implementation</Filter>
    </ClCompile>
    <ClCompile Include="boj3755_doublequeue.cpp">
      <Filter>소스 파일\implementation</Filter>
    </ClCompile>
    <ClCompile Include="boj6549_histogram.cpp">
      <Filter>소스 파일\implementation</Filter>
    </ClCompile>
    <ClCompile Include="boj3830_professor.cpp">
      <Filter>소스 파일\graph_search</Filter>
    </ClCompile>
    <ClCompile Include="boj2125_CH_dijkstra.cpp">
      <Filter>소스 파일\geometry</Filter>
    </ClCompile>
    <ClCompile Include="boj3527_HPI_bi_search.cpp">
      <Filter>소스 파일\geometry</Filter>
    </ClCompile>
    <ClCompile Include="boj19650_CH_dijkstra.cpp">
      <Filter>소스 파일\geometry</Filter>
    </ClCompile>
    <ClCompile Include="boj1255_dijkstra.cpp">
      <Filter>소스 파일\geometry</Filter>
    </ClCompile>
    <ClCompile Include="boj20151_intersection5.cpp">
      <Filter>소스 파일\geometry</Filter>
    </ClCompile>
    <ClCompile Include="boj20151_set.cpp">
      <Filter>소스 파일\geometry</Filter>
    </ClCompile>
    <ClCompile Include="boj23194_HPI.cpp">
      <Filter>소스 파일\geometry</Filter>
    </ClCompile>
    <ClCompile Include="boj4683_dijkstra.cpp">
      <Filter>소스 파일\geometry</Filter>
    </ClCompile>
    <ClCompile Include="boj1255_cross_dijkstra.cpp">
      <Filter>소스 파일\geometry</Filter>
    </ClCompile>
    <ClCompile Include="boj9562_hullDisks.cpp">
      <Filter>소스 파일\geometry</Filter>
    </ClCompile>
    <ClCompile Include="boj1806.cpp">
      <Filter>소스 파일\implementation</Filter>
    </ClCompile>
    <ClCompile Include="boj30483_HPI_bi_search.cpp">
      <Filter>소스 파일\geometry</Filter>
    </ClCompile>
    <ClCompile Include="boj27718_intersect.cpp">
      <Filter>소스 파일\geometry</Filter>
    </ClCompile>
    <ClCompile Include="boj15657_N_and_M_8.cpp">
      <Filter>소스 파일\graph_search</Filter>
    </ClCompile>
    <ClCompile Include="boj21065_voronoi_brute.cpp">
      <Filter>소스 파일\geometry</Filter>
    </ClCompile>
    <ClCompile Include="bojBiM_N_3D_printer.cpp">
      <Filter>소스 파일\geometry</Filter>
    </ClCompile>
    <ClCompile Include="bojBiM_C_pos_sort.cpp">
      <Filter>소스 파일\geometry</Filter>
    </ClCompile>
    <ClCompile Include="boj17403_cnvxhull.cpp">
      <Filter>소스 파일\geometry</Filter>
    </ClCompile>
    <ClCompile Include="boj15028_cnvxhull.cpp">
      <Filter>소스 파일\geometry</Filter>
    </ClCompile>
    <ClCompile Include="boj24235_cnvxhull_bi_search.cpp">
      <Filter>소스 파일\geometry</Filter>
    </ClCompile>
    <ClCompile Include="boj2780.cpp">
      <Filter>소스 파일\DP</Filter>
    </ClCompile>
    <ClCompile Include="boj2748_fibo.cpp">
      <Filter>소스 파일\DP</Filter>
    </ClCompile>
    <ClCompile Include="boj6850.cpp">
      <Filter>소스 파일\geometry</Filter>
    </ClCompile>
    <ClCompile Include="boj14427.cpp">
      <Filter>소스 파일\segment_tree</Filter>
    </ClCompile>
    <ClCompile Include="boj14428.cpp">
      <Filter>소스 파일\segment_tree</Filter>
    </ClCompile>
    <ClCompile Include="boj10746_cnvx_bi.cpp">
      <Filter>소스 파일\geometry</Filter>
    </ClCompile>
    <ClCompile Include="boj10746_cnvx_bi_sep.cpp">
      <Filter>소스 파일\geometry</Filter>
    </ClCompile>
    <ClCompile Include="boj9663_N_Queen.cpp">
      <Filter>소스 파일\graph_search</Filter>
    </ClCompile>
    <ClCompile Include="boj10337_circle_dijkstra.cpp">
      <Filter>소스 파일\geometry</Filter>
    </ClCompile>
    <ClCompile Include="boj15004_circle_dijkstra.cpp">
      <Filter>소스 파일\geometry</Filter>
    </ClCompile>
    <ClCompile Include="PDCUP_A.cpp">
      <Filter>소스 파일\PadaengCup</Filter>
    </ClCompile>
    <ClCompile Include="PDCUP_B.cpp">
      <Filter>소스 파일\PadaengCup</Filter>
    </ClCompile>
    <ClCompile Include="boj5449_dijkstra.cpp">
      <Filter>소스 파일\geometry</Filter>
    </ClCompile>
    <ClCompile Include="boj5379.cpp">
      <Filter>소스 파일\geometry</Filter>
    </ClCompile>
    <ClCompile Include="boj2987.cpp">
      <Filter>소스 파일\geometry</Filter>
    </ClCompile>
    <ClCompile Include="boj27656_bi_search.cpp">
      <Filter>소스 파일\geometry</Filter>
    </ClCompile>
    <ClCompile Include="boj29992.cpp">
      <Filter>소스 파일\geometry</Filter>
    </ClCompile>
    <ClCompile Include="boj21624.cpp">
      <Filter>소스 파일\geometry</Filter>
    </ClCompile>
    <ClCompile Include="boj10756.cpp">
      <Filter>소스 파일\geometry</Filter>
    </ClCompile>
    <ClCompile Include="boj1087.cpp">
      <Filter>소스 파일\implementation</Filter>
    </ClCompile>
    <ClCompile Include="boj8986_ternary_search.cpp">
      <Filter>소스 파일\implementation</Filter>
    </ClCompile>
    <ClCompile Include="boj1830.cpp">
      <Filter>소스 파일\geometry</Filter>
    </ClCompile>
    <ClCompile Include="boj9875.cpp">
      <Filter>소스 파일\geometry</Filter>
    </ClCompile>
    <ClCompile Include="boj3179.cpp">
      <Filter>소스 파일\geometry</Filter>
    </ClCompile>
    <ClCompile Include="boj18552_bi_search.cpp">
      <Filter>소스 파일\geometry</Filter>
    </ClCompile>
    <ClCompile Include="boj24895_tangent_bi_search.cpp">
      <Filter>소스 파일\geometry</Filter>
    </ClCompile>
    <ClCompile Include="boj11686.cpp">
      <Filter>소스 파일\geometry</Filter>
    </ClCompile>
    <ClCompile Include="boj18190_tangent_bisearch_area_bisearch_memo_candle_and_shadow.cpp">
      <Filter>소스 파일\geometry</Filter>
    </ClCompile>
    <ClCompile Include="boj29448_tangent_bi_search.cpp">
      <Filter>소스 파일\geometry</Filter>
    </ClCompile>
    <ClCompile Include="boj23249.cpp">
      <Filter>소스 파일\geometry</Filter>
    </ClCompile>
    <ClCompile Include="boj15365_dijkstra_Ceste.cpp">
      <Filter>소스 파일\graph_search</Filter>
    </ClCompile>
    <ClCompile Include="q15365_Jay.cpp">
      <Filter>소스 파일\graph_search</Filter>
    </ClCompile>
    <ClCompile Include="boj5257.cpp">
      <Filter>소스 파일\graph_search</Filter>
    </ClCompile>
    <ClCompile Include="boj15310_CH_trick.cpp">
      <Filter>소스 파일\geometry</Filter>
    </ClCompile>
    <ClCompile Include="boj10785_HPI_ternary_search_Asteroids.cpp">
      <Filter>소스 파일\geometry</Filter>
    </ClCompile>
    <ClCompile Include="q5257_Jay.cpp">
      <Filter>소스 파일\graph_search</Filter>
    </ClCompile>
    <ClCompile Include="boj9484_bulldozer_sweeping.cpp">
      <Filter>소스 파일\geometry</Filter>
    </ClCompile>
    <ClCompile Include="boj9276_rotating_calipers.cpp">
      <Filter>소스 파일\geometry</Filter>
    </ClCompile>
    <ClCompile Include="boj19586_rotating_calipers.cpp">
      <Filter>소스 파일\geometry</Filter>
    </ClCompile>
    <ClCompile Include="boj1688.cpp">
      <Filter>소스 파일\geometry</Filter>
    </ClCompile>
    <ClCompile Include="boj26133_Noncnvxhul_dijkstra.cpp">
      <Filter>소스 파일\geometry</Filter>
    </ClCompile>
    <ClCompile Include="boj6740_HPI.cpp">
      <Filter>소스 파일\geometry</Filter>
    </ClCompile>
    <ClCompile Include="boj13310_modify.cpp">
      <Filter>소스 파일\geometry</Filter>
    </ClCompile>
    <ClCompile Include="boj27425_Noncnvxhul_floyd_warshall.cpp">
      <Filter>소스 파일\geometry</Filter>
    </ClCompile>
    <ClCompile Include="boj10518_Noncnvxhul_floyd_warshall.cpp">
      <Filter>소스 파일\geometry</Filter>
    </ClCompile>
    <ClCompile Include="boj10518_Noncnvxhul_dijkstra.cpp">
      <Filter>소스 파일\geometry</Filter>
    </ClCompile>
    <ClCompile Include="boj6632_arable.cpp">
      <Filter>소스 파일\geometry</Filter>
    </ClCompile>
    <ClCompile Include="boj30447.cpp">
      <Filter>소스 파일\geometry</Filter>
    </ClCompile>
    <ClCompile Include="boj10466_rotating_calipers.cpp">
      <Filter>소스 파일\geometry</Filter>
    </ClCompile>
    <ClCompile Include="boj1218_sweep.cpp">
      <Filter>소스 파일\geometry</Filter>
    </ClCompile>
    <ClCompile Include="boj27861_3Dgeo_brute.cpp">
      <Filter>소스 파일\geometry</Filter>
    </ClCompile>
    <ClCompile Include="boj9212_3DGeo.cpp">
      <Filter>소스 파일\geometry</Filter>
    </ClCompile>
    <ClCompile Include="boj4795_3DGeo_CH3D.cpp">
      <Filter>소스 파일\geometry</Filter>
    </ClCompile>
    <ClCompile Include="__Geometry_int__.cpp">
      <Filter>소스 파일\geometry</Filter>
    </ClCompile>
    <ClCompile Include="boj4795_3DGeo_NlogN.cpp">
      <Filter>소스 파일\geometry</Filter>
    </ClCompile>
    <ClCompile Include="boj7684_3DGeo_CH_surface.cpp">
      <Filter>소스 파일\geometry</Filter>
    </ClCompile>
    <ClCompile Include="boj19508_biginteger.cpp">
      <Filter>소스 파일\geometry</Filter>
    </ClCompile>
    <ClCompile Include="boj19508_3D_Graham_scan.cpp">
      <Filter>소스 파일\geometry</Filter>
    </ClCompile>
    <ClCompile Include="__Geometry_float__.cpp">
      <Filter>소스 파일\geometry</Filter>
    </ClCompile>
    <ClCompile Include="boj2188_bipartite_matching.cpp">
      <Filter>소스 파일\graph_search</Filter>
    </ClCompile>
    <ClCompile Include="boj10058_bipartite_matching.cpp">
      <Filter>소스 파일\graph_search</Filter>
    </ClCompile>
    <ClCompile Include="boj19508_3Dcnvxhul_3Dgrahamscan_for_boj.cpp">
      <Filter>소스 파일\geometry</Filter>
    </ClCompile>
    <ClCompile Include="boj1298_bi_matching.cpp">
      <Filter>소스 파일\graph_search</Filter>
    </ClCompile>
    <ClCompile Include="boj6090_casting.cpp">
      <Filter>소스 파일\geometry</Filter>
    </ClCompile>
    <ClCompile Include="boj18252_ch_2ptr.cpp">
      <Filter>소스 파일\geometry</Filter>
    </ClCompile>
    <ClCompile Include="boj18252_memory_down.cpp">
      <Filter>소스 파일\geometry</Filter>
    </ClCompile>
    <ClCompile Include="boj30681_rotating_calipers.cpp">
      <Filter>소스 파일\geometry</Filter>
    </ClCompile>
    <ClCompile Include="boj4212_3DGeo_spherical_dijkstra.cpp">
      <Filter>소스 파일\geometry</Filter>
    </ClCompile>
    <ClCompile Include="boj29566_3circle.cpp">
      <Filter>소스 파일\geometry</Filter>
    </ClCompile>
    <ClCompile Include="boj29499_brute.cpp">
      <Filter>소스 파일\geometry</Filter>
    </ClCompile>
    <ClCompile Include="boj4296_3DGeo_sphere.cpp">
      <Filter>소스 파일\geometry</Filter>
    </ClCompile>
    <ClCompile Include="boj17978_3DGeo_brute.cpp">
      <Filter>소스 파일\geometry</Filter>
    </ClCompile>
    <ClCompile Include="boj4212_3DGeo_spherical_dijkstra_sweeping.cpp">
      <Filter>소스 파일\geometry</Filter>
    </ClCompile>
    <ClCompile Include="boj18527_All_Kill.cpp">
      <Filter>소스 파일\implementation</Filter>
    </ClCompile>
    <ClCompile Include="boj6035_HPI.cpp">
      <Filter>소스 파일\geometry</Filter>
    </ClCompile>
    <ClCompile Include="boj14837_3DGeo_convexhull.cpp">
      <Filter>소스 파일\geometry</Filter>
    </ClCompile>
    <ClCompile Include="boj14837_3DGeo_slow.cpp">
      <Filter>소스 파일\geometry</Filter>
    </ClCompile>
    <ClCompile Include="boj7427_HPI.cpp">
      <Filter>소스 파일\geometry</Filter>
    </ClCompile>
    <ClCompile Include="__Geometry_tester.cpp">
      <Filter>소스 파일\geometry</Filter>
    </ClCompile>
    <ClCompile Include="DVDCH.cpp">
      <Filter>소스 파일</Filter>
    </ClCompile>
    <ClCompile Include="boj23745_HPI.cpp">
      <Filter>소스 파일\geometry</Filter>
    </ClCompile>
  </ItemGroup>
  <ItemGroup>
    <Text Include="boj6632.txt">
      <Filter>리소스 파일</Filter>
    </Text>
    <Text Include="boj9382.txt">
      <Filter>리소스 파일</Filter>
    </Text>
    <Text Include="relay.in.4a.txt">
      <Filter>리소스 파일</Filter>
    </Text>
    <Text Include="relay.in.4b.txt">
      <Filter>리소스 파일</Filter>
    </Text>
    <Text Include="relay.in.4c.txt">
      <Filter>리소스 파일</Filter>
    </Text>
    <Text Include="relay.in.4d.txt">
      <Filter>리소스 파일</Filter>
    </Text>
    <Text Include="relay.in.4e.txt">
      <Filter>리소스 파일</Filter>
    </Text>
    <Text Include="relay.in.4f.txt">
      <Filter>리소스 파일</Filter>
    </Text>
    <Text Include="relay.in.4g.txt">
      <Filter>리소스 파일</Filter>
    </Text>
    <Text Include="relay.in.4h.txt">
      <Filter>리소스 파일</Filter>
    </Text>
    <Text Include="relay.in.4i.txt">
      <Filter>리소스 파일</Filter>
    </Text>
    <Text Include="relay.in.4j.txt">
      <Filter>리소스 파일</Filter>
    </Text>
  </ItemGroup>
  <ItemGroup>
    <None Include="boj1169.input.txt">
      <Filter>리소스 파일</Filter>
    </None>
    <None Include="relay.in.1a">
      <Filter>리소스 파일</Filter>
    </None>
    <None Include="relay.in.1b">
      <Filter>리소스 파일</Filter>
    </None>
    <None Include="relay.in.1c">
      <Filter>리소스 파일</Filter>
    </None>
    <None Include="relay.in.1d">
      <Filter>리소스 파일</Filter>
    </None>
    <None Include="relay.in.1e">
      <Filter>리소스 파일</Filter>
    </None>
    <None Include="relay.in.1f">
      <Filter>리소스 파일</Filter>
    </None>
    <None Include="relay.in.1g">
      <Filter>리소스 파일</Filter>
    </None>
    <None Include="relay.in.1h">
      <Filter>리소스 파일</Filter>
    </None>
    <None Include="relay.in.1i">
      <Filter>리소스 파일</Filter>
    </None>
    <None Include="relay.in.1j">
      <Filter>리소스 파일</Filter>
    </None>
    <None Include="relay.in.2a">
      <Filter>리소스 파일</Filter>
    </None>
    <None Include="relay.in.2b">
      <Filter>리소스 파일</Filter>
    </None>
    <None Include="relay.in.2c">
      <Filter>리소스 파일</Filter>
    </None>
    <None Include="relay.in.2d">
      <Filter>리소스 파일</Filter>
    </None>
    <None Include="relay.in.2e">
      <Filter>리소스 파일</Filter>
    </None>
    <None Include="relay.in.2f">
      <Filter>리소스 파일</Filter>
    </None>
    <None Include="relay.in.2g">
      <Filter>리소스 파일</Filter>
    </None>
    <None Include="relay.in.2h">
      <Filter>리소스 파일</Filter>
    </None>
    <None Include="relay.in.2i">
      <Filter>리소스 파일</Filter>
    </None>
    <None Include="relay.in.2j">
      <Filter>리소스 파일</Filter>
    </None>
    <None Include="relay.in.3a">
      <Filter>리소스 파일</Filter>
    </None>
    <None Include="relay.in.3b">
      <Filter>리소스 파일</Filter>
    </None>
    <None Include="relay.in.3c">
      <Filter>리소스 파일</Filter>
    </None>
    <None Include="relay.in.3d">
      <Filter>리소스 파일</Filter>
    </None>
    <None Include="relay.in.3e">
      <Filter>리소스 파일</Filter>
    </None>
    <None Include="relay.in.3f">
      <Filter>리소스 파일</Filter>
    </None>
    <None Include="relay.in.3g">
      <Filter>리소스 파일</Filter>
    </None>
    <None Include="relay.in.3h">
      <Filter>리소스 파일</Filter>
    </None>
    <None Include="relay.in.3i">
      <Filter>리소스 파일</Filter>
    </None>
    <None Include="relay.in.3j">
      <Filter>리소스 파일</Filter>
    </None>
    <None Include="1-2circles.in">
      <Filter>리소스 파일</Filter>
    </None>
    <None Include="2-2circles.in">
      <Filter>리소스 파일</Filter>
    </None>
    <None Include="3-2circles.in">
      <Filter>리소스 파일</Filter>
    </None>
    <None Include="4-2circles.in">
      <Filter>리소스 파일</Filter>
    </None>
    <None Include="5-2circles.in">
      <Filter>리소스 파일</Filter>
    </None>
    <None Include="6-2circles.in">
      <Filter>리소스 파일</Filter>
    </None>
    <None Include="7-2circles.in">
      <Filter>리소스 파일</Filter>
    </None>
    <None Include="8-2circles.in">
      <Filter>리소스 파일</Filter>
    </None>
    <None Include="9-2circles.in">
      <Filter>리소스 파일</Filter>
    </None>
    <None Include="10-2circles.in">
      <Filter>리소스 파일</Filter>
    </None>
    <None Include="bigbrother\15-star_250000.in">
      <Filter>리소스 파일</Filter>
    </None>
    <None Include="bigbrother\34-random-nonempty.in">
      <Filter>리소스 파일</Filter>
    </None>
  </ItemGroup>
</Project>