<?xml version="1.0" encoding="utf-8"?>
<Project ToolsVersion="4.0" xmlns="http://schemas.microsoft.com/developer/msbuild/2003">
  <ItemGroup>
    <Filter Include="소스 파일">
      <UniqueIdentifier>{4FC737F1-C7A5-4376-A066-2A32D752A2FF}</UniqueIdentifier>
      <Extensions>cpp;c;cc;cxx;c++;cppm;ixx;def;odl;idl;hpj;bat;asm;asmx</Extensions>
    </Filter>
    <Filter Include="헤더 파일">
      <UniqueIdentifier>{93995380-89BD-4b04-88EB-625FBE52EBFB}</UniqueIdentifier>
      <Extensions>h;hh;hpp;hxx;h++;hm;inl;inc;ipp;xsd</Extensions>
    </Filter>
    <Filter Include="리소스 파일">
      <UniqueIdentifier>{67DA6AB6-F800-4c08-8B7A-83BB121AAD01}</UniqueIdentifier>
      <Extensions>rc;ico;cur;bmp;dlg;rc2;rct;bin;rgs;gif;jpg;jpeg;jpe;resx;tiff;tif;png;wav;mfcribbon-ms</Extensions>
    </Filter>
    <Filter Include="소스 파일\geometry">
      <UniqueIdentifier>{a1eb5226-1f49-480a-a859-4d43e4bbcc51}</UniqueIdentifier>
    </Filter>
    <Filter Include="소스 파일\disjoint_set">
      <UniqueIdentifier>{c74ad989-64e9-4c10-800b-4220150b3803}</UniqueIdentifier>
    </Filter>
    <Filter Include="소스 파일\sliding_window">
      <UniqueIdentifier>{44fdbe4d-eb6d-40e5-920f-afa4d4710bc0}</UniqueIdentifier>
    </Filter>
    <Filter Include="소스 파일\implementation">
      <UniqueIdentifier>{c10de3bb-e51c-4d9f-9fe6-7cd5cff12cae}</UniqueIdentifier>
    </Filter>
    <Filter Include="소스 파일\graph_search">
      <UniqueIdentifier>{fae80ec2-1f94-4776-906b-a57dd6127712}</UniqueIdentifier>
    </Filter>
    <Filter Include="소스 파일\segment_tree">
      <UniqueIdentifier>{914cfd7a-ef4e-44f6-92b1-d372ecf5b46d}</UniqueIdentifier>
    </Filter>
    <Filter Include="소스 파일\_test">
      <UniqueIdentifier>{27af614a-c0dd-4e25-8dfd-9a8ac9d9ed41}</UniqueIdentifier>
    </Filter>
    <Filter Include="소스 파일\prefix_sum">
      <UniqueIdentifier>{52ab682a-18c8-4bce-8923-7c9ff5039d39}</UniqueIdentifier>
    </Filter>
    <Filter Include="소스 파일\matrix">
      <UniqueIdentifier>{03c20d5d-b636-4f88-9a76-add36feb3647}</UniqueIdentifier>
    </Filter>
    <Filter Include="소스 파일\stack">
      <UniqueIdentifier>{1cb03d7e-badb-4c8c-9c08-af2f7b7d6295}</UniqueIdentifier>
    </Filter>
    <Filter Include="소스 파일\divide_conquer">
      <UniqueIdentifier>{bd0faa58-8c64-40df-8e62-2dab4d28b829}</UniqueIdentifier>
    </Filter>
    <Filter Include="소스 파일\2nd_BORAMAECUP">
      <UniqueIdentifier>{6d0d34bc-059e-4b3c-8116-43ae674e14ec}</UniqueIdentifier>
    </Filter>
  </ItemGroup>
  <ItemGroup>
    <ClCompile Include="boj28401_cnvxhull.cpp">
      <Filter>소스 파일\geometry</Filter>
    </ClCompile>
    <ClCompile Include="boj2096.cpp">
      <Filter>소스 파일\sliding_window</Filter>
    </ClCompile>
    <ClCompile Include="boj3830_professor.cpp">
      <Filter>소스 파일\disjoint_set</Filter>
    </ClCompile>
    <ClCompile Include="boj6632_grid_scan.cpp">
      <Filter>소스 파일\geometry</Filter>
    </ClCompile>
    <ClCompile Include="boj26574.cpp">
      <Filter>소스 파일\implementation</Filter>
    </ClCompile>
    <ClCompile Include="boj13310_CH_RC_TS.cpp">
      <Filter>소스 파일\geometry</Filter>
    </ClCompile>
    <ClCompile Include="boj1260_DFS_BFS.cpp">
      <Filter>소스 파일\graph_search</Filter>
    </ClCompile>
    <ClCompile Include="boj1275_segtree.cpp">
      <Filter>소스 파일\segment_tree</Filter>
    </ClCompile>
    <ClCompile Include="boj1275_fenwick.cpp">
      <Filter>소스 파일\segment_tree</Filter>
    </ClCompile>
    <ClCompile Include="boj1321_segtree.cpp">
      <Filter>소스 파일\segment_tree</Filter>
    </ClCompile>
    <ClCompile Include="boj1321_fenwick.cpp">
      <Filter>소스 파일\segment_tree</Filter>
    </ClCompile>
    <ClCompile Include="boj2042.cpp">
      <Filter>소스 파일\segment_tree</Filter>
    </ClCompile>
    <ClCompile Include="boj2243.cpp">
      <Filter>소스 파일\segment_tree</Filter>
    </ClCompile>
    <ClCompile Include="boj1615_linecross.cpp">
      <Filter>소스 파일\segment_tree</Filter>
    </ClCompile>
    <ClCompile Include="koosaga_bj22819.cpp">
      <Filter>소스 파일</Filter>
    </ClCompile>
    <ClCompile Include="boj27957_hulldisks.cpp">
      <Filter>소스 파일\geometry</Filter>
    </ClCompile>
    <ClCompile Include="boj27957_half_plane.cpp">
      <Filter>소스 파일</Filter>
    </ClCompile>
    <ClCompile Include="boj27219.cpp">
      <Filter>소스 파일\implementation</Filter>
    </ClCompile>
    <ClCompile Include="boj27294.cpp">
      <Filter>소스 파일\implementation</Filter>
    </ClCompile>
    <ClCompile Include="boj27324.cpp">
      <Filter>소스 파일\implementation</Filter>
    </ClCompile>
    <ClCompile Include="boj1167_treesize_DFS.cpp">
      <Filter>소스 파일\graph_search</Filter>
    </ClCompile>
    <ClCompile Include="boj1967_treesize_DFS.cpp">
      <Filter>소스 파일\graph_search</Filter>
    </ClCompile>
    <ClCompile Include="boj2638_BFS_cheese.cpp">
      <Filter>소스 파일\graph_search</Filter>
    </ClCompile>
    <ClCompile Include="boj10250.cpp">
      <Filter>소스 파일\implementation</Filter>
    </ClCompile>
    <ClCompile Include="boj25682_Go.cpp">
      <Filter>소스 파일\prefix_sum</Filter>
    </ClCompile>
    <ClCompile Include="boj1780_paper.cpp">
      <Filter>소스 파일\divide_conquer</Filter>
    </ClCompile>
    <ClCompile Include="boj2740_M.cpp">
      <Filter>소스 파일\matrix</Filter>
    </ClCompile>
    <ClCompile Include="boj10830_MPOW.cpp">
      <Filter>소스 파일\matrix</Filter>
    </ClCompile>
    <ClCompile Include="boj6549_histogram.cpp">
      <Filter>소스 파일\stack</Filter>
    </ClCompile>
    <ClCompile Include="boj25308_ox_graph.cpp">
      <Filter>소스 파일\geometry</Filter>
    </ClCompile>
    <ClCompile Include="boj15829.cpp">
      <Filter>소스 파일\implementation</Filter>
    </ClCompile>
    <ClCompile Include="boj11444_MPOW_fibo.cpp">
      <Filter>소스 파일\matrix</Filter>
    </ClCompile>
    <ClCompile Include="test.cpp">
      <Filter>소스 파일\_test</Filter>
    </ClCompile>
    <ClCompile Include="boj1046_sweeping.cpp">
      <Filter>소스 파일\geometry</Filter>
    </ClCompile>
    <ClCompile Include="2nd_brmcup_B.cpp">
      <Filter>소스 파일\2nd_BORAMAECUP</Filter>
    </ClCompile>
    <ClCompile Include="2nd_brmcup_C.cpp">
      <Filter>소스 파일\2nd_BORAMAECUP</Filter>
    </ClCompile>
    <ClCompile Include="boj3121_Buildozer.cpp">
      <Filter>소스 파일\segment_tree</Filter>
    </ClCompile>
    <ClCompile Include="boj9382_circle_greedy.cpp">
      <Filter>소스 파일\geometry</Filter>
    </ClCompile>
    <ClCompile Include="boj29566_3_circles.cpp">
      <Filter>소스 파일\geometry</Filter>
    </ClCompile>
    <ClCompile Include="boj3271_MST_prim.cpp">
      <Filter>소스 파일\graph_search</Filter>
    </ClCompile>
    <ClCompile Include="boj27957_koosaga_codeforce.cpp">
      <Filter>소스 파일</Filter>
    </ClCompile>
    <ClCompile Include="boj19970_ky6.cpp">
      <Filter>소스 파일\geometry</Filter>
    </ClCompile>
    <ClCompile Include="boj24162_Route.cpp">
      <Filter>소스 파일\graph_search</Filter>
    </ClCompile>
    <ClCompile Include="boj4618_eccentricity.cpp">
      <Filter>소스 파일\graph_search</Filter>
    </ClCompile>
    <ClCompile Include="boj16783_buldozer.cpp">
      <Filter>소스 파일\segment_tree</Filter>
    </ClCompile>
  </ItemGroup>
  <ItemGroup>
    <Text Include="boj6632.txt">
      <Filter>리소스 파일</Filter>
    </Text>
    <Text Include="boj9382.txt">
      <Filter>리소스 파일</Filter>
    </Text>
  </ItemGroup>
</Project>