<?xml version="1.0" encoding="utf-8"?>
<Project ToolsVersion="4.0" xmlns="http://schemas.microsoft.com/developer/msbuild/2003">
  <ItemGroup>
    <Filter Include="소스 파일">
      <UniqueIdentifier>{4FC737F1-C7A5-4376-A066-2A32D752A2FF}</UniqueIdentifier>
      <Extensions>cpp;c;cc;cxx;c++;cppm;ixx;def;odl;idl;hpj;bat;asm;asmx</Extensions>
    </Filter>
    <Filter Include="헤더 파일">
      <UniqueIdentifier>{93995380-89BD-4b04-88EB-625FBE52EBFB}</UniqueIdentifier>
      <Extensions>h;hh;hpp;hxx;h++;hm;inl;inc;ipp;xsd</Extensions>
    </Filter>
    <Filter Include="리소스 파일">
      <UniqueIdentifier>{67DA6AB6-F800-4c08-8B7A-83BB121AAD01}</UniqueIdentifier>
      <Extensions>rc;ico;cur;bmp;dlg;rc2;rct;bin;rgs;gif;jpg;jpeg;jpe;resx;tiff;tif;png;wav;mfcribbon-ms</Extensions>
    </Filter>
    <Filter Include="소스 파일\geometry">
      <UniqueIdentifier>{a1eb5226-1f49-480a-a859-4d43e4bbcc51}</UniqueIdentifier>
    </Filter>
    <Filter Include="소스 파일\disjoint_set">
      <UniqueIdentifier>{c74ad989-64e9-4c10-800b-4220150b3803}</UniqueIdentifier>
    </Filter>
    <Filter Include="소스 파일\sliding_window">
      <UniqueIdentifier>{44fdbe4d-eb6d-40e5-920f-afa4d4710bc0}</UniqueIdentifier>
    </Filter>
  </ItemGroup>
  <ItemGroup>
    <ClCompile Include="_geo_func.cpp">
      <Filter>소스 파일\geometry</Filter>
    </ClCompile>
    <ClCompile Include="boj13310.cpp">
      <Filter>소스 파일\geometry</Filter>
    </ClCompile>
    <ClCompile Include="boj28401.cpp">
      <Filter>소스 파일\geometry</Filter>
    </ClCompile>
    <ClCompile Include="boj2096.cpp">
      <Filter>소스 파일\sliding_window</Filter>
    </ClCompile>
    <ClCompile Include="boj3830.cpp">
      <Filter>소스 파일\disjoint_set</Filter>
    </ClCompile>
    <ClCompile Include="boj6632.cpp">
      <Filter>소스 파일\geometry</Filter>
    </ClCompile>
  </ItemGroup>
  <ItemGroup>
    <Text Include="boj6632.txt">
      <Filter>리소스 파일</Filter>
    </Text>
  </ItemGroup>
</Project>